{
  "originHash" : "111b2c11626ea023d3adb7bafe2c8c112bb63770047dbf29fca07e03c3d7f346",
  "pins" : [
    {
      "identity" : "swiftglass",
      "kind" : "remoteSourceControl",
      "location" : "https://github.com/1998code/SwiftGlass",
      "state" : {
        "revision" : "a4a6af4bd988758461f5c0b1adbebc81e7bab0fb",
        "version" : "26.0.0"
      }
    }
  ],
  "version" : 3
}
